
Microsoft Visual Studio Solution File, Format Version 12.00
# Visual Studio Version 17
VisualStudioVersion = 17.10.34928.147
MinimumVisualStudioVersion = 10.0.40219.1
Project("{888888A0-9F3D-457C-B088-3A5042F75D52}") = "o170420025_YigitAliKURT_GraduationProject", "o170420025_YigitAliKURT_GraduationProject.pyproj", "{0FBC6FA6-E94F-4C78-B3C2-D844B77C96E7}"
EndProject
Global
	GlobalSection(SolutionConfigurationPlatforms) = preSolution
		Debug|Any CPU = Debug|Any CPU
		Release|Any CPU = Release|Any CPU
	EndGlobalSection
	GlobalSection(ProjectConfigurationPlatforms) = postSolution
		{0FBC6FA6-E94F-4C78-B3C2-D844B77C96E7}.Debug|Any CPU.ActiveCfg = Debug|Any CPU
		{0FBC6FA6-E94F-4C78-B3C2-D844B77C96E7}.Release|Any CPU.ActiveCfg = Release|Any CPU
	EndGlobalSection
	GlobalSection(SolutionProperties) = preSolution
		HideSolutionNode = FALSE
	EndGlobalSection
	GlobalSection(ExtensibilityGlobals) = postSolution
		SolutionGuid = {10182B66-D0AC-4C4F-A3B5-30E0FB10FDDB}
	EndGlobalSection
EndGlobal
